
Microsoft Visual Studio Solution File, Format Version 12.00
# Visual Studio Version 16
VisualStudioVersion = 16.0.29409.12
MinimumVisualStudioVersion = 10.0.40219.1
Project("{FAE04EC0-301F-11D3-BF4B-00C04F79EFBC}") = "ProyectoPruebaGit", "ProyectoPruebaGit.csproj", "{56D02C92-5CA6-4067-AD5D-8A4D62DB0D7D}"
EndProject
Global
	GlobalSection(SolutionConfigurationPlatforms) = preSolution
		Debug|Any CPU = Debug|Any CPU
		Release|Any CPU = Release|Any CPU
	EndGlobalSection
	GlobalSection(ProjectConfigurationPlatforms) = postSolution
		{56D02C92-5CA6-4067-AD5D-8A4D62DB0D7D}.Debug|Any CPU.ActiveCfg = Debug|Any CPU
		{56D02C92-5CA6-4067-AD5D-8A4D62DB0D7D}.Debug|Any CPU.Build.0 = Debug|Any CPU
		{56D02C92-5CA6-4067-AD5D-8A4D62DB0D7D}.Release|Any CPU.ActiveCfg = Release|Any CPU
		{56D02C92-5CA6-4067-AD5D-8A4D62DB0D7D}.Release|Any CPU.Build.0 = Release|Any CPU
	EndGlobalSection
	GlobalSection(SolutionProperties) = preSolution
		HideSolutionNode = FALSE
	EndGlobalSection
	GlobalSection(ExtensibilityGlobals) = postSolution
		SolutionGuid = {0A6D6140-54FE-4370-8B4F-61E868F14336}
	EndGlobalSection
EndGlobal
